
Microsoft Visual Studio Solution File, Format Version 12.00
# Visual Studio Version 16
VisualStudioVersion = 16.0.30413.136
MinimumVisualStudioVersion = 10.0.40219.1
Project("{8BC9CEB8-8B4A-11D0-8D11-00A0C91BC942}") = "kind Arthur legend of the Lyoha", "kind Arthur legend of the Lyoha\kind Arthur legend of the Lyoha.vcxproj", "{36861088-F711-419F-BAEE-B5127BA720CE}"
EndProject
Global
	GlobalSection(SolutionConfigurationPlatforms) = preSolution
		Debug|x64 = Debug|x64
		Debug|x86 = Debug|x86
		Release|x64 = Release|x64
		Release|x86 = Release|x86
	EndGlobalSection
	GlobalSection(ProjectConfigurationPlatforms) = postSolution
		{36861088-F711-419F-BAEE-B5127BA720CE}.Debug|x64.ActiveCfg = Debug|x64
		{36861088-F711-419F-BAEE-B5127BA720CE}.Debug|x64.Build.0 = Debug|x64
		{36861088-F711-419F-BAEE-B5127BA720CE}.Debug|x86.ActiveCfg = Debug|Win32
		{36861088-F711-419F-BAEE-B5127BA720CE}.Debug|x86.Build.0 = Debug|Win32
		{36861088-F711-419F-BAEE-B5127BA720CE}.Release|x64.ActiveCfg = Release|x64
		{36861088-F711-419F-BAEE-B5127BA720CE}.Release|x64.Build.0 = Release|x64
		{36861088-F711-419F-BAEE-B5127BA720CE}.Release|x86.ActiveCfg = Release|Win32
		{36861088-F711-419F-BAEE-B5127BA720CE}.Release|x86.Build.0 = Release|Win32
	EndGlobalSection
	GlobalSection(SolutionProperties) = preSolution
		HideSolutionNode = FALSE
	EndGlobalSection
	GlobalSection(ExtensibilityGlobals) = postSolution
		SolutionGuid = {365328B6-E81D-4364-8578-125CDC984E40}
	EndGlobalSection
EndGlobal
